
Microsoft Visual Studio Solution File, Format Version 12.00
Project("{FAE04EC0-301F-11D3-BF4B-00C04F79EFBC}") = "Infra", "Infra.csproj", "{BCC63563-7DDB-481B-82A8-CE55F039C788}"
EndProject
Global
	GlobalSection(SolutionConfigurationPlatforms) = preSolution
		Debug|Any CPU = Debug|Any CPU
		Release|Any CPU = Release|Any CPU
	EndGlobalSection
	GlobalSection(ProjectConfigurationPlatforms) = postSolution
		{BCC63563-7DDB-481B-82A8-CE55F039C788}.Debug|Any CPU.ActiveCfg = Debug|Any CPU
		{BCC63563-7DDB-481B-82A8-CE55F039C788}.Debug|Any CPU.Build.0 = Debug|Any CPU
		{BCC63563-7DDB-481B-82A8-CE55F039C788}.Release|Any CPU.ActiveCfg = Release|Any CPU
		{BCC63563-7DDB-481B-82A8-CE55F039C788}.Release|Any CPU.Build.0 = Release|Any CPU
	EndGlobalSection
EndGlobal
